Microsoft Visual Studio Solution File, Format Version 11.00
# Visual Studio 2008

Project("{5C668535-8F91-2BD5-746F-4D3CFFB30DB4}") = "CST8236-Project2", "Assembly-CSharp.csproj", "{C7F32993-A2FC-BCFD-6F3A-56BE9EA09942}"
EndProject
Global
	GlobalSection(SolutionConfigurationPlatforms) = preSolution
		Debug|Any CPU = Debug|Any CPU
		Release|Any CPU = Release|Any CPU
	EndGlobalSection
	GlobalSection(ProjectConfigurationPlatforms) = postSolution
		{C7F32993-A2FC-BCFD-6F3A-56BE9EA09942}.Debug|Any CPU.ActiveCfg = Debug|Any CPU
		{C7F32993-A2FC-BCFD-6F3A-56BE9EA09942}.Debug|Any CPU.Build.0 = Debug|Any CPU
		{C7F32993-A2FC-BCFD-6F3A-56BE9EA09942}.Release|Any CPU.ActiveCfg = Release|Any CPU
		{C7F32993-A2FC-BCFD-6F3A-56BE9EA09942}.Release|Any CPU.Build.0 = Release|Any CPU
	EndGlobalSection
	GlobalSection(SolutionProperties) = preSolution
		HideSolutionNode = FALSE
	EndGlobalSection
	GlobalSection(MonoDevelopProperties) = preSolution
		StartupItem = Assembly-CSharp.csproj
	EndGlobalSection
EndGlobal
